
Microsoft Visual Studio Solution File, Format Version 12.00
# Visual Studio Version 17
VisualStudioVersion = 17.2.32519.379
MinimumVisualStudioVersion = 10.0.40219.1
Project("{888888A0-9F3D-457C-B088-3A5042F75D52}") = "Rain Of Letters", "Rain Of Letters\Rain Of Letters.pyproj", "{795112AB-23BA-41CD-87F7-0E7F2226CC99}"
EndProject
Project("{2150E333-8FDC-42A3-9474-1A3956D46DE8}") = "Elementos de la solución", "Elementos de la solución", "{5B188755-7F1C-406A-975E-05452D2059BC}"
	ProjectSection(SolutionItems) = preProject
		.gitignore = .gitignore
		README.md = README.md
	EndProjectSection
EndProject
Global
	GlobalSection(SolutionConfigurationPlatforms) = preSolution
		Debug|Any CPU = Debug|Any CPU
		Release|Any CPU = Release|Any CPU
	EndGlobalSection
	GlobalSection(ProjectConfigurationPlatforms) = postSolution
		{795112AB-23BA-41CD-87F7-0E7F2226CC99}.Debug|Any CPU.ActiveCfg = Debug|Any CPU
		{795112AB-23BA-41CD-87F7-0E7F2226CC99}.Release|Any CPU.ActiveCfg = Release|Any CPU
	EndGlobalSection
	GlobalSection(SolutionProperties) = preSolution
		HideSolutionNode = FALSE
	EndGlobalSection
	GlobalSection(ExtensibilityGlobals) = postSolution
		SolutionGuid = {06B971DE-981A-4733-8C2B-41D125B42A49}
	EndGlobalSection
EndGlobal
